
Microsoft Visual Studio Solution File, Format Version 12.00
# Visual Studio Version 17
VisualStudioVersion = 17.5.33516.290
MinimumVisualStudioVersion = 10.0.40219.1
Project("{FAE04EC0-301F-11D3-BF4B-00C04F79EFBC}") = "AdresDefteri.WebUI", "AdresDefteri.WebUI\AdresDefteri.WebUI.csproj", "{C44E6DAB-30D7-43D5-BD80-EBE43F9103B0}"
EndProject
Project("{FAE04EC0-301F-11D3-BF4B-00C04F79EFBC}") = "AdresDefteri.DataAccessLayer", "AdresDefteri.DataAccessLayer\AdresDefteri.DataAccessLayer.csproj", "{DF7A5964-5B6C-4C56-A6E6-BC7D144642FD}"
EndProject
Project("{FAE04EC0-301F-11D3-BF4B-00C04F79EFBC}") = "AdresDefteri.BusinessLayer", "AdresDefteri.BusinessLayer\AdresDefteri.BusinessLayer.csproj", "{1092E3A1-09F0-4985-886E-DC9A3DF0D23B}"
EndProject
Project("{FAE04EC0-301F-11D3-BF4B-00C04F79EFBC}") = "AdresDefteri.Common", "AdresDefteri.Common\AdresDefteri.Common.csproj", "{F3964863-34D4-4611-A7E7-E225575CA07D}"
EndProject
Project("{FAE04EC0-301F-11D3-BF4B-00C04F79EFBC}") = "AdresDefteri.Entities", "AdresDefteri.Entities\AdresDefteri.Entities.csproj", "{84824DF0-F472-4B07-9EAB-41B18A6D43F1}"
EndProject
Global
	GlobalSection(SolutionConfigurationPlatforms) = preSolution
		Debug|Any CPU = Debug|Any CPU
		Release|Any CPU = Release|Any CPU
	EndGlobalSection
	GlobalSection(ProjectConfigurationPlatforms) = postSolution
		{C44E6DAB-30D7-43D5-BD80-EBE43F9103B0}.Debug|Any CPU.ActiveCfg = Debug|Any CPU
		{C44E6DAB-30D7-43D5-BD80-EBE43F9103B0}.Debug|Any CPU.Build.0 = Debug|Any CPU
		{C44E6DAB-30D7-43D5-BD80-EBE43F9103B0}.Release|Any CPU.ActiveCfg = Release|Any CPU
		{C44E6DAB-30D7-43D5-BD80-EBE43F9103B0}.Release|Any CPU.Build.0 = Release|Any CPU
		{DF7A5964-5B6C-4C56-A6E6-BC7D144642FD}.Debug|Any CPU.ActiveCfg = Debug|Any CPU
		{DF7A5964-5B6C-4C56-A6E6-BC7D144642FD}.Debug|Any CPU.Build.0 = Debug|Any CPU
		{DF7A5964-5B6C-4C56-A6E6-BC7D144642FD}.Release|Any CPU.ActiveCfg = Release|Any CPU
		{DF7A5964-5B6C-4C56-A6E6-BC7D144642FD}.Release|Any CPU.Build.0 = Release|Any CPU
		{1092E3A1-09F0-4985-886E-DC9A3DF0D23B}.Debug|Any CPU.ActiveCfg = Debug|Any CPU
		{1092E3A1-09F0-4985-886E-DC9A3DF0D23B}.Debug|Any CPU.Build.0 = Debug|Any CPU
		{1092E3A1-09F0-4985-886E-DC9A3DF0D23B}.Release|Any CPU.ActiveCfg = Release|Any CPU
		{1092E3A1-09F0-4985-886E-DC9A3DF0D23B}.Release|Any CPU.Build.0 = Release|Any CPU
		{F3964863-34D4-4611-A7E7-E225575CA07D}.Debug|Any CPU.ActiveCfg = Debug|Any CPU
		{F3964863-34D4-4611-A7E7-E225575CA07D}.Debug|Any CPU.Build.0 = Debug|Any CPU
		{F3964863-34D4-4611-A7E7-E225575CA07D}.Release|Any CPU.ActiveCfg = Release|Any CPU
		{F3964863-34D4-4611-A7E7-E225575CA07D}.Release|Any CPU.Build.0 = Release|Any CPU
		{84824DF0-F472-4B07-9EAB-41B18A6D43F1}.Debug|Any CPU.ActiveCfg = Debug|Any CPU
		{84824DF0-F472-4B07-9EAB-41B18A6D43F1}.Debug|Any CPU.Build.0 = Debug|Any CPU
		{84824DF0-F472-4B07-9EAB-41B18A6D43F1}.Release|Any CPU.ActiveCfg = Release|Any CPU
		{84824DF0-F472-4B07-9EAB-41B18A6D43F1}.Release|Any CPU.Build.0 = Release|Any CPU
	EndGlobalSection
	GlobalSection(SolutionProperties) = preSolution
		HideSolutionNode = FALSE
	EndGlobalSection
	GlobalSection(ExtensibilityGlobals) = postSolution
		SolutionGuid = {E76FB804-5247-4AFE-9C3B-DAB5DFD1A960}
	EndGlobalSection
EndGlobal
